// !$*UTF8*$!
{
	archiveVersion = 1;
	classes = {
	};
	objectVersion = 50;
	objects = {

/* Begin PBXBuildFile section */
		5643396B2447DF7B00936D49 /* AppDelegate.swift in Sources */ = {isa = PBXBuildFile; fileRef = 5643396A2447DF7B00936D49 /* AppDelegate.swift */; };
		5643396D2447DF7B00936D49 /* SceneDelegate.swift in Sources */ = {isa = PBXBuildFile; fileRef = 5643396C2447DF7B00936D49 /* SceneDelegate.swift */; };
		5643396F2447DF7B00936D49 /* ViewController.swift in Sources */ = {isa = PBXBuildFile; fileRef = 5643396E2447DF7B00936D49 /* ViewController.swift */; };
		564339722447DF7B00936D49 /* Main.storyboard in Resources */ = {isa = PBXBuildFile; fileRef = 564339702447DF7B00936D49 /* Main.storyboard */; };
		564339742447DF7D00936D49 /* Assets.xcassets in Resources */ = {isa = PBXBuildFile; fileRef = 564339732447DF7D00936D49 /* Assets.xcassets */; };
		564339772447DF7D00936D49 /* LaunchScreen.storyboard in Resources */ = {isa = PBXBuildFile; fileRef = 564339752447DF7D00936D49 /* LaunchScreen.storyboard */; };
		56C84F932457F51E0097222C /* shuffle.wav in Resources */ = {isa = PBXBuildFile; fileRef = 56C84F8F2457F51E0097222C /* shuffle.wav */; };
		56C84F942457F51E0097222C /* dingwrong.wav in Resources */ = {isa = PBXBuildFile; fileRef = 56C84F902457F51E0097222C /* dingwrong.wav */; };
		56C84F952457F51E0097222C /* dingcorrect.wav in Resources */ = {isa = PBXBuildFile; fileRef = 56C84F912457F51E0097222C /* dingcorrect.wav */; };
		56C84F962457F51E0097222C /* cardflip.wav in Resources */ = {isa = PBXBuildFile; fileRef = 56C84F922457F51E0097222C /* cardflip.wav */; };
		56C84F992457F57D0097222C /* AVFoundation.framework in Frameworks */ = {isa = PBXBuildFile; fileRef = 56C84F982457F57D0097222C /* AVFoundation.framework */; };
		56C84F9B2457F5BC0097222C /* SoundManager.swift in Sources */ = {isa = PBXBuildFile; fileRef = 56C84F9A2457F5BC0097222C /* SoundManager.swift */; };
		56DF1BBA24499525006797DD /* CardModel.swift in Sources */ = {isa = PBXBuildFile; fileRef = 56DF1BB924499525006797DD /* CardModel.swift */; };
		56DF1BBC24499645006797DD /* Card.swift in Sources */ = {isa = PBXBuildFile; fileRef = 56DF1BBB24499645006797DD /* Card.swift */; };
		56DF1BBE24499981006797DD /* CardCollectionViewCell.swift in Sources */ = {isa = PBXBuildFile; fileRef = 56DF1BBD24499981006797DD /* CardCollectionViewCell.swift */; };
/* End PBXBuildFile section */

/* Begin PBXFileReference section */
		564339672447DF7B00936D49 /* Match App.app */ = {isa = PBXFileReference; explicitFileType = wrapper.application; includeInIndex = 0; path = "Match App.app"; sourceTree = BUILT_PRODUCTS_DIR; };
		5643396A2447DF7B00936D49 /* AppDelegate.swift */ = {isa = PBXFileReference; lastKnownFileType = sourcecode.swift; path = AppDelegate.swift; sourceTree = "<group>"; };
		5643396C2447DF7B00936D49 /* SceneDelegate.swift */ = {isa = PBXFileReference; lastKnownFileType = sourcecode.swift; path = SceneDelegate.swift; sourceTree = "<group>"; };
		5643396E2447DF7B00936D49 /* ViewController.swift */ = {isa = PBXFileReference; lastKnownFileType = sourcecode.swift; path = ViewController.swift; sourceTree = "<group>"; };
		564339712447DF7B00936D49 /* Base */ = {isa = PBXFileReference; lastKnownFileType = file.storyboard; name = Base; path = Base.lproj/Main.storyboard; sourceTree = "<group>"; };
		564339732447DF7D00936D49 /* Assets.xcassets */ = {isa = PBXFileReference; lastKnownFileType = folder.assetcatalog; path = Assets.xcassets; sourceTree = "<group>"; };
		564339762447DF7D00936D49 /* Base */ = {isa = PBXFileReference; lastKnownFileType = file.storyboard; name = Base; path = Base.lproj/LaunchScreen.storyboard; sourceTree = "<group>"; };
		564339782447DF7D00936D49 /* Info.plist */ = {isa = PBXFileReference; lastKnownFileType = text.plist.xml; path = Info.plist; sourceTree = "<group>"; };
		56C84F8F2457F51E0097222C /* shuffle.wav */ = {isa = PBXFileReference; lastKnownFileType = audio.wav; path = shuffle.wav; sourceTree = "<group>"; };
		56C84F902457F51E0097222C /* dingwrong.wav */ = {isa = PBXFileReference; lastKnownFileType = audio.wav; path = dingwrong.wav; sourceTree = "<group>"; };
		56C84F912457F51E0097222C /* dingcorrect.wav */ = {isa = PBXFileReference; lastKnownFileType = audio.wav; path = dingcorrect.wav; sourceTree = "<group>"; };
		56C84F922457F51E0097222C /* cardflip.wav */ = {isa = PBXFileReference; lastKnownFileType = audio.wav; path = cardflip.wav; sourceTree = "<group>"; };
		56C84F982457F57D0097222C /* AVFoundation.framework */ = {isa = PBXFileReference; lastKnownFileType = wrapper.framework; name = AVFoundation.framework; path = System/Library/Frameworks/AVFoundation.framework; sourceTree = SDKROOT; };
		56C84F9A2457F5BC0097222C /* SoundManager.swift */ = {isa = PBXFileReference; lastKnownFileType = sourcecode.swift; path = SoundManager.swift; sourceTree = "<group>"; };
		56DF1BB924499525006797DD /* CardModel.swift */ = {isa = PBXFileReference; lastKnownFileType = sourcecode.swift; path = CardModel.swift; sourceTree = "<group>"; };
		56DF1BBB24499645006797DD /* Card.swift */ = {isa = PBXFileReference; lastKnownFileType = sourcecode.swift; path = Card.swift; sourceTree = "<group>"; };
		56DF1BBD24499981006797DD /* CardCollectionViewCell.swift */ = {isa = PBXFileReference; lastKnownFileType = sourcecode.swift; path = CardCollectionViewCell.swift; sourceTree = "<group>"; };
/* End PBXFileReference section */

/* Begin PBXFrameworksBuildPhase section */
		564339642447DF7B00936D49 /* Frameworks */ = {
			isa = PBXFrameworksBuildPhase;
			buildActionMask = 2147483647;
			files = (
				56C84F992457F57D0097222C /* AVFoundation.framework in Frameworks */,
			);
			runOnlyForDeploymentPostprocessing = 0;
		};
/* End PBXFrameworksBuildPhase section */

/* Begin PBXGroup section */
		5643395E2447DF7B00936D49 = {
			isa = PBXGroup;
			children = (
				564339692447DF7B00936D49 /* Match App */,
				564339682447DF7B00936D49 /* Products */,
				56C84F972457F57D0097222C /* Frameworks */,
			);
			sourceTree = "<group>";
		};
		564339682447DF7B00936D49 /* Products */ = {
			isa = PBXGroup;
			children = (
				564339672447DF7B00936D49 /* Match App.app */,
			);
			name = Products;
			sourceTree = "<group>";
		};
		564339692447DF7B00936D49 /* Match App */ = {
			isa = PBXGroup;
			children = (
				56C84F8E2457F4DB0097222C /* Sounds */,
				5643396A2447DF7B00936D49 /* AppDelegate.swift */,
				5643396C2447DF7B00936D49 /* SceneDelegate.swift */,
				5643396E2447DF7B00936D49 /* ViewController.swift */,
				56DF1BB924499525006797DD /* CardModel.swift */,
				56DF1BBB24499645006797DD /* Card.swift */,
				56DF1BBD24499981006797DD /* CardCollectionViewCell.swift */,
				56C84F9A2457F5BC0097222C /* SoundManager.swift */,
				564339702447DF7B00936D49 /* Main.storyboard */,
				564339732447DF7D00936D49 /* Assets.xcassets */,
				564339752447DF7D00936D49 /* LaunchScreen.storyboard */,
				564339782447DF7D00936D49 /* Info.plist */,
			);
			path = "Match App";
			sourceTree = "<group>";
		};
		56C84F8E2457F4DB0097222C /* Sounds */ = {
			isa = PBXGroup;
			children = (
				56C84F922457F51E0097222C /* cardflip.wav */,
				56C84F912457F51E0097222C /* dingcorrect.wav */,
				56C84F902457F51E0097222C /* dingwrong.wav */,
				56C84F8F2457F51E0097222C /* shuffle.wav */,
			);
			path = Sounds;
			sourceTree = "<group>";
		};
		56C84F972457F57D0097222C /* Frameworks */ = {
			isa = PBXGroup;
			children = (
				56C84F982457F57D0097222C /* AVFoundation.framework */,
			);
			name = Frameworks;
			sourceTree = "<group>";
		};
/* End PBXGroup section */

/* Begin PBXNativeTarget section */
		564339662447DF7B00936D49 /* Match App */ = {
			isa = PBXNativeTarget;
			buildConfigurationList = 5643397B2447DF7D00936D49 /* Build configuration list for PBXNativeTarget "Match App" */;
			buildPhases = (
				564339632447DF7B00936D49 /* Sources */,
				564339642447DF7B00936D49 /* Frameworks */,
				564339652447DF7B00936D49 /* Resources */,
			);
			buildRules = (
			);
			dependencies = (
			);
			name = "Match App";
			productName = "Match App";
			productReference = 564339672447DF7B00936D49 /* Match App.app */;
			productType = "com.apple.product-type.application";
		};
/* End PBXNativeTarget section */

/* Begin PBXProject section */
		5643395F2447DF7B00936D49 /* Project object */ = {
			isa = PBXProject;
			attributes = {
				LastSwiftUpdateCheck = 1140;
				LastUpgradeCheck = 1140;
				ORGANIZATIONNAME = "Sara Medernach";
				TargetAttributes = {
					564339662447DF7B00936D49 = {
						CreatedOnToolsVersion = 11.4;
					};
				};
			};
			buildConfigurationList = 564339622447DF7B00936D49 /* Build configuration list for PBXProject "Match App" */;
			compatibilityVersion = "Xcode 9.3";
			developmentRegion = en;
			hasScannedForEncodings = 0;
			knownRegions = (
				en,
				Base,
			);
			mainGroup = 5643395E2447DF7B00936D49;
			productRefGroup = 564339682447DF7B00936D49 /* Products */;
			projectDirPath = "";
			projectRoot = "";
			targets = (
				564339662447DF7B00936D49 /* Match App */,
			);
		};
/* End PBXProject section */

/* Begin PBXResourcesBuildPhase section */
		564339652447DF7B00936D49 /* Resources */ = {
			isa = PBXResourcesBuildPhase;
			buildActionMask = 2147483647;
			files = (
				56C84F932457F51E0097222C /* shuffle.wav in Resources */,
				56C84F942457F51E0097222C /* dingwrong.wav in Resources */,
				564339772447DF7D00936D49 /* LaunchScreen.storyboard in Resources */,
				56C84F962457F51E0097222C /* cardflip.wav in Resources */,
				564339742447DF7D00936D49 /* Assets.xcassets in Resources */,
				564339722447DF7B00936D49 /* Main.storyboard in Resources */,
				56C84F952457F51E0097222C /* dingcorrect.wav in Resources */,
			);
			runOnlyForDeploymentPostprocessing = 0;
		};
/* End PBXResourcesBuildPhase section */

/* Begin PBXSourcesBuildPhase section */
		564339632447DF7B00936D49 /* Sources */ = {
			isa = PBXSourcesBuildPhase;
			buildActionMask = 2147483647;
			files = (
				5643396F2447DF7B00936D49 /* ViewController.swift in Sources */,
				56DF1BBA24499525006797DD /* CardModel.swift in Sources */,
				56DF1BBC24499645006797DD /* Card.swift in Sources */,
				5643396B2447DF7B00936D49 /* AppDelegate.swift in Sources */,
				56DF1BBE24499981006797DD /* CardCollectionViewCell.swift in Sources */,
				56C84F9B2457F5BC0097222C /* SoundManager.swift in Sources */,
				5643396D2447DF7B00936D49 /* SceneDelegate.swift in Sources */,
			);
			runOnlyForDeploymentPostprocessing = 0;
		};
/* End PBXSourcesBuildPhase section */

/* Begin PBXVariantGroup section */
		564339702447DF7B00936D49 /* Main.storyboard */ = {
			isa = PBXVariantGroup;
			children = (
				564339712447DF7B00936D49 /* Base */,
			);
			name = Main.storyboard;
			sourceTree = "<group>";
		};
		564339752447DF7D00936D49 /* LaunchScreen.storyboard */ = {
			isa = PBXVariantGroup;
			children = (
				564339762447DF7D00936D49 /* Base */,
			);
			name = LaunchScreen.storyboard;
			sourceTree = "<group>";
		};
/* End PBXVariantGroup section */

/* Begin XCBuildConfiguration section */
		564339792447DF7D00936D49 /* Debug */ = {
			isa = XCBuildConfiguration;
			buildSettings = {
				ALWAYS_SEARCH_USER_PATHS = NO;
				CLANG_ANALYZER_NONNULL = YES;
				CLANG_ANALYZER_NUMBER_OBJECT_CONVERSION = YES_AGGRESSIVE;
				CLANG_CXX_LANGUAGE_STANDARD = "gnu++14";
				CLANG_CXX_LIBRARY = "libc++";
				CLANG_ENABLE_MODULES = YES;
				CLANG_ENABLE_OBJC_ARC = YES;
				CLANG_ENABLE_OBJC_WEAK = YES;
				CLANG_WARN_BLOCK_CAPTURE_AUTORELEASING = YES;
				CLANG_WARN_BOOL_CONVERSION = YES;
				CLANG_WARN_COMMA = YES;
				CLANG_WARN_CONSTANT_CONVERSION = YES;
				CLANG_WARN_DEPRECATED_OBJC_IMPLEMENTATIONS = YES;
				CLANG_WARN_DIRECT_OBJC_ISA_USAGE = YES_ERROR;
				CLANG_WARN_DOCUMENTATION_COMMENTS = YES;
				CLANG_WARN_EMPTY_BODY = YES;
				CLANG_WARN_ENUM_CONVERSION = YES;
				CLANG_WARN_INFINITE_RECURSION = YES;
				CLANG_WARN_INT_CONVERSION = YES;
				CLANG_WARN_NON_LITERAL_NULL_CONVERSION = YES;
				CLANG_WARN_OBJC_IMPLICIT_RETAIN_SELF = YES;
				CLANG_WARN_OBJC_LITERAL_CONVERSION = YES;
				CLANG_WARN_OBJC_ROOT_CLASS = YES_ERROR;
				CLANG_WARN_RANGE_LOOP_ANALYSIS = YES;
				CLANG_WARN_STRICT_PROTOTYPES = YES;
				CLANG_WARN_SUSPICIOUS_MOVE = YES;
				CLANG_WARN_UNGUARDED_AVAILABILITY = YES_AGGRESSIVE;
				CLANG_WARN_UNREACHABLE_CODE = YES;
				CLANG_WARN__DUPLICATE_METHOD_MATCH = YES;
				COPY_PHASE_STRIP = NO;
				DEBUG_INFORMATION_FORMAT = dwarf;
				ENABLE_STRICT_OBJC_MSGSEND = YES;
				ENABLE_TESTABILITY = YES;
				GCC_C_LANGUAGE_STANDARD = gnu11;
				GCC_DYNAMIC_NO_PIC = NO;
				GCC_NO_COMMON_BLOCKS = YES;
				GCC_OPTIMIZATION_LEVEL = 0;
				GCC_PREPROCESSOR_DEFINITIONS = (
					"DEBUG=1",
					"$(inherited)",
				);
				GCC_WARN_64_TO_32_BIT_CONVERSION = YES;
				GCC_WARN_ABOUT_RETURN_TYPE = YES_ERROR;
				GCC_WARN_UNDECLARED_SELECTOR = YES;
				GCC_WARN_UNINITIALIZED_AUTOS = YES_AGGRESSIVE;
				GCC_WARN_UNUSED_FUNCTION = YES;
				GCC_WARN_UNUSED_VARIABLE = YES;
				IPHONEOS_DEPLOYMENT_TARGET = 13.4;
				MTL_ENABLE_DEBUG_INFO = INCLUDE_SOURCE;
				MTL_FAST_MATH = YES;
				ONLY_ACTIVE_ARCH = YES;
				SDKROOT = iphoneos;
				SWIFT_ACTIVE_COMPILATION_CONDITIONS = DEBUG;
				SWIFT_OPTIMIZATION_LEVEL = "-Onone";
			};
			name = Debug;
		};
		5643397A2447DF7D00936D49 /* Release */ = {
			isa = XCBuildConfiguration;
			buildSettings = {
				ALWAYS_SEARCH_USER_PATHS = NO;
				CLANG_ANALYZER_NONNULL = YES;
				CLANG_ANALYZER_NUMBER_OBJECT_CONVERSION = YES_AGGRESSIVE;
				CLANG_CXX_LANGUAGE_STANDARD = "gnu++14";
				CLANG_CXX_LIBRARY = "libc++";
				CLANG_ENABLE_MODULES = YES;
				CLANG_ENABLE_OBJC_ARC = YES;
				CLANG_ENABLE_OBJC_WEAK = YES;
				CLANG_WARN_BLOCK_CAPTURE_AUTORELEASING = YES;
				CLANG_WARN_BOOL_CONVERSION = YES;
				CLANG_WARN_COMMA = YES;
				CLANG_WARN_CONSTANT_CONVERSION = YES;
				CLANG_WARN_DEPRECATED_OBJC_IMPLEMENTATIONS = YES;
				CLANG_WARN_DIRECT_OBJC_ISA_USAGE = YES_ERROR;
				CLANG_WARN_DOCUMENTATION_COMMENTS = YES;
				CLANG_WARN_EMPTY_BODY = YES;
				CLANG_WARN_ENUM_CONVERSION = YES;
				CLANG_WARN_INFINITE_RECURSION = YES;
				CLANG_WARN_INT_CONVERSION = YES;
				CLANG_WARN_NON_LITERAL_NULL_CONVERSION = YES;
				CLANG_WARN_OBJC_IMPLICIT_RETAIN_SELF = YES;
				CLANG_WARN_OBJC_LITERAL_CONVERSION = YES;
				CLANG_WARN_OBJC_ROOT_CLASS = YES_ERROR;
				CLANG_WARN_RANGE_LOOP_ANALYSIS = YES;
				CLANG_WARN_STRICT_PROTOTYPES = YES;
				CLANG_WARN_SUSPICIOUS_MOVE = YES;
				CLANG_WARN_UNGUARDED_AVAILABILITY = YES_AGGRESSIVE;
				CLANG_WARN_UNREACHABLE_CODE = YES;
				CLANG_WARN__DUPLICATE_METHOD_MATCH = YES;
				COPY_PHASE_STRIP = NO;
				DEBUG_INFORMATION_FORMAT = "dwarf-with-dsym";
				ENABLE_NS_ASSERTIONS = NO;
				ENABLE_STRICT_OBJC_MSGSEND = YES;
				GCC_C_LANGUAGE_STANDARD = gnu11;
				GCC_NO_COMMON_BLOCKS = YES;
				GCC_WARN_64_TO_32_BIT_CONVERSION = YES;
				GCC_WARN_ABOUT_RETURN_TYPE = YES_ERROR;
				GCC_WARN_UNDECLARED_SELECTOR = YES;
				GCC_WARN_UNINITIALIZED_AUTOS = YES_AGGRESSIVE;
				GCC_WARN_UNUSED_FUNCTION = YES;
				GCC_WARN_UNUSED_VARIABLE = YES;
				IPHONEOS_DEPLOYMENT_TARGET = 13.4;
				MTL_ENABLE_DEBUG_INFO = NO;
				MTL_FAST_MATH = YES;
				SDKROOT = iphoneos;
				SWIFT_COMPILATION_MODE = wholemodule;
				SWIFT_OPTIMIZATION_LEVEL = "-O";
				VALIDATE_PRODUCT = YES;
			};
			name = Release;
		};
		5643397C2447DF7D00936D49 /* Debug */ = {
			isa = XCBuildConfiguration;
			buildSettings = {
				ASSETCATALOG_COMPILER_APPICON_NAME = AppIcon;
				CODE_SIGN_STYLE = Automatic;
				INFOPLIST_FILE = "Match App/Info.plist";
				LD_RUNPATH_SEARCH_PATHS = (
					"$(inherited)",
					"@executable_path/Frameworks",
				);
				PRODUCT_BUNDLE_IDENTIFIER = "com.medernach.Match-App";
				PRODUCT_NAME = "$(TARGET_NAME)";
				SWIFT_VERSION = 5.0;
				TARGETED_DEVICE_FAMILY = "1,2";
			};
			name = Debug;
		};
		5643397D2447DF7D00936D49 /* Release */ = {
			isa = XCBuildConfiguration;
			buildSettings = {
				ASSETCATALOG_COMPILER_APPICON_NAME = AppIcon;
				CODE_SIGN_STYLE = Automatic;
				INFOPLIST_FILE = "Match App/Info.plist";
				LD_RUNPATH_SEARCH_PATHS = (
					"$(inherited)",
					"@executable_path/Frameworks",
				);
				PRODUCT_BUNDLE_IDENTIFIER = "com.medernach.Match-App";
				PRODUCT_NAME = "$(TARGET_NAME)";
				SWIFT_VERSION = 5.0;
				TARGETED_DEVICE_FAMILY = "1,2";
			};
			name = Release;
		};
/* End XCBuildConfiguration section */

/* Begin XCConfigurationList section */
		564339622447DF7B00936D49 /* Build configuration list for PBXProject "Match App" */ = {
			isa = XCConfigurationList;
			buildConfigurations = (
				564339792447DF7D00936D49 /* Debug */,
				5643397A2447DF7D00936D49 /* Release */,
			);
			defaultConfigurationIsVisible = 0;
			defaultConfigurationName = Release;
		};
		5643397B2447DF7D00936D49 /* Build configuration list for PBXNativeTarget "Match App" */ = {
			isa = XCConfigurationList;
			buildConfigurations = (
				5643397C2447DF7D00936D49 /* Debug */,
				5643397D2447DF7D00936D49 /* Release */,
			);
			defaultConfigurationIsVisible = 0;
			defaultConfigurationName = Release;
		};
/* End XCConfigurationList section */
	};
	rootObject = 5643395F2447DF7B00936D49 /* Project object */;
}
